{
  "requires": true,
  "lockfileVersion": 1,
  "dependencies": {
    "async": {
      "version": "2.6.3",
      "resolved": "https://registry.npmjs.org/async/-/async-2.6.3.tgz",
      "integrity": "sha512-zflvls11DCy+dQWzTW2dzuilv8Z5X/pjfmZOWba6TNIVDm+2UDaJmXSOXlasHKfNBs8oo3M0aT50fDEWfKZjXg==",
      "requires": {
        "lodash": "^4.17.14"
      }
    },
    "chrome-aws-lambda": {
      "version": "10.1.0",
      "resolved": "https://registry.npmjs.org/chrome-aws-lambda/-/chrome-aws-lambda-10.1.0.tgz",
      "integrity": "sha512-NZQVf+J4kqG4sVhRm3WNmOfzY0OtTSm+S8rg77pwePa9RCYHzhnzRs8YvNI6L9tALIW6RpmefWiPURt3vURXcw==",
      "requires": {
        "lambdafs": "^2.0.3"
      }
    },
    "duplexer": {
      "version": "0.1.2",
      "resolved": "https://registry.npmjs.org/duplexer/-/duplexer-0.1.2.tgz",
      "integrity": "sha512-jtD6YG370ZCIi/9GTaJKQxWTZD045+4R4hTk/x1UyoqadyJ9x9CgSi1RlVDQF8U2sxLLSnFkCaMihqljHIWgMg=="
    },
    "event-stream": {
      "version": "4.0.1",
      "resolved": "https://registry.npmjs.org/event-stream/-/event-stream-4.0.1.tgz",
      "integrity": "sha512-qACXdu/9VHPBzcyhdOWR5/IahhGMf0roTeZJfzz077GwylcDd90yOHLouhmv7GJ5XzPi6ekaQWd8AvPP2nOvpA==",
      "requires": {
        "duplexer": "^0.1.1",
        "from": "^0.1.7",
        "map-stream": "0.0.7",
        "pause-stream": "^0.0.11",
        "split": "^1.0.1",
        "stream-combiner": "^0.2.2",
        "through": "^2.3.8"
      }
    },
    "from": {
      "version": "0.1.7",
      "resolved": "https://registry.npmjs.org/from/-/from-0.1.7.tgz",
      "integrity": "sha1-g8YK/Fi5xWmXAH7Rp2izqzA6RP4="
    },
    "lambdafs": {
      "version": "2.1.1",
      "resolved": "https://registry.npmjs.org/lambdafs/-/lambdafs-2.1.1.tgz",
      "integrity": "sha512-x5k8JcoJWkWLvCVBzrl4pzvkEHSgSBqFjg3Dpsc4AcTMq7oUMym4cL/gRTZ6VM4mUMY+M0dIbQ+V1c1tsqqanQ==",
      "requires": {
        "tar-fs": "^2.1.1"
      },
      "dependencies": {
        "base64-js": {
          "version": "1.5.1",
          "bundled": true
        },
        "bl": {
          "version": "4.1.0",
          "bundled": true,
          "requires": {
            "buffer": "^5.5.0",
            "inherits": "^2.0.4",
            "readable-stream": "^3.4.0"
          },
          "dependencies": {
            "readable-stream": {
              "version": "3.6.0",
              "bundled": true,
              "requires": {
                "inherits": "^2.0.3",
                "string_decoder": "^1.1.1",
                "util-deprecate": "^1.0.1"
              }
            }
          }
        },
        "buffer": {
          "version": "5.7.1",
          "bundled": true,
          "requires": {
            "base64-js": "^1.3.1",
            "ieee754": "^1.1.13"
          }
        },
        "chownr": {
          "version": "1.1.4",
          "bundled": true
        },
        "end-of-stream": {
          "version": "1.4.4",
          "bundled": true,
          "requires": {
            "once": "^1.4.0"
          }
        },
        "fs-constants": {
          "version": "1.0.0",
          "bundled": true
        },
        "ieee754": {
          "version": "1.2.1",
          "bundled": true
        },
        "inherits": {
          "version": "2.0.4",
          "bundled": true
        },
        "mkdirp-classic": {
          "version": "0.5.3",
          "bundled": true
        },
        "once": {
          "version": "1.4.0",
          "bundled": true,
          "requires": {
            "wrappy": "1"
          }
        },
        "pump": {
          "version": "3.0.0",
          "bundled": true,
          "requires": {
            "end-of-stream": "^1.1.0",
            "once": "^1.3.1"
          }
        },
        "string_decoder": {
          "version": "1.1.1",
          "bundled": true,
          "requires": {
            "safe-buffer": "~5.1.0"
          },
          "dependencies": {
            "safe-buffer": {
              "version": "5.1.2",
              "bundled": true
            }
          }
        },
        "tar-fs": {
          "version": "2.1.1",
          "bundled": true,
          "requires": {
            "chownr": "^1.1.1",
            "mkdirp-classic": "^0.5.2",
            "pump": "^3.0.0",
            "tar-stream": "^2.1.4"
          }
        },
        "tar-stream": {
          "version": "2.2.0",
          "bundled": true,
          "requires": {
            "bl": "^4.0.3",
            "end-of-stream": "^1.4.1",
            "fs-constants": "^1.0.0",
            "inherits": "^2.0.3",
            "readable-stream": "^3.1.1"
          },
          "dependencies": {
            "readable-stream": {
              "version": "3.6.0",
              "bundled": true,
              "requires": {
                "inherits": "^2.0.3",
                "string_decoder": "^1.1.1",
                "util-deprecate": "^1.0.1"
              }
            }
          }
        },
        "util-deprecate": {
          "version": "1.0.2",
          "bundled": true
        },
        "wrappy": {
          "version": "1.0.2",
          "bundled": true
        }
      }
    },
    "lodash": {
      "version": "4.17.21",
      "resolved": "https://registry.npmjs.org/lodash/-/lodash-4.17.21.tgz",
      "integrity": "sha512-v2kDEe57lecTulaDIuNTPy3Ry4gLGJ6Z1O3vE1krgXZNrsQ+LFTGHVxVjcXPs17LhbZVGedAJv8XZ1tvj5FvSg=="
    },
    "lodash.assign": {
      "version": "4.2.0",
      "resolved": "https://registry.npmjs.org/lodash.assign/-/lodash.assign-4.2.0.tgz",
      "integrity": "sha1-DZnzzNem0mHRm9rrkkUAXShYCOc="
    },
    "map-stream": {
      "version": "0.0.7",
      "resolved": "https://registry.npmjs.org/map-stream/-/map-stream-0.0.7.tgz",
      "integrity": "sha1-ih8HiW2CsQkmvTdEokIACfiJdKg="
    },
    "mingo": {
      "version": "1.3.3",
      "resolved": "https://registry.npmjs.org/mingo/-/mingo-1.3.3.tgz",
      "integrity": "sha1-aSLE0Ufvx3GgFCWixMj3eER4xUY="
    },
    "pause-stream": {
      "version": "0.0.11",
      "resolved": "https://registry.npmjs.org/pause-stream/-/pause-stream-0.0.11.tgz",
      "integrity": "sha1-/lo0sMvOErWqaitAPuLnO2AvFEU=",
      "requires": {
        "through": "~2.3"
      }
    },
    "save": {
      "version": "2.4.0",
      "resolved": "https://registry.npmjs.org/save/-/save-2.4.0.tgz",
      "integrity": "sha512-wd5L2uVnsKYkIUaK6i8Ie66IOHaI328gMF0MPuTJtYOjXgUolC33LSIk7Qr8WVA55QHaGwfiVS8a7EFIeGOR3w==",
      "requires": {
        "async": "^2.6.2",
        "event-stream": "^4.0.1",
        "lodash.assign": "^4.2.0",
        "mingo": "1"
      }
    },
    "split": {
      "version": "1.0.1",
      "resolved": "https://registry.npmjs.org/split/-/split-1.0.1.tgz",
      "integrity": "sha512-mTyOoPbrivtXnwnIxZRFYRrPNtEFKlpB2fvjSnCQUiAA6qAZzqwna5envK4uk6OIeP17CsdF3rSBGYVBsU0Tkg==",
      "requires": {
        "through": "2"
      }
    },
    "stream-combiner": {
      "version": "0.2.2",
      "resolved": "https://registry.npmjs.org/stream-combiner/-/stream-combiner-0.2.2.tgz",
      "integrity": "sha1-rsjLrBd7Vrb0+kec7YwZEs7lKFg=",
      "requires": {
        "duplexer": "~0.1.1",
        "through": "~2.3.4"
      }
    },
    "through": {
      "version": "2.3.8",
      "resolved": "https://registry.npmjs.org/through/-/through-2.3.8.tgz",
      "integrity": "sha1-DdTJ/6q8NXlgsbckEV1+Doai4fU="
    }
  }
}
